// !$*UTF8*$!
{
	archiveVersion = 1;
	classes = {
	};
	objectVersion = 46;
	objects = {

/* Begin PBXBuildFile section */
		FBD6E04A1E4D3E0E00F81147 /* AppDelegate.swift in Sources */ = {isa = PBXBuildFile; fileRef = FBD6E0491E4D3E0E00F81147 /* AppDelegate.swift */; };
		FBD6E04C1E4D3E0E00F81147 /* ViewController.swift in Sources */ = {isa = PBXBuildFile; fileRef = FBD6E04B1E4D3E0E00F81147 /* ViewController.swift */; };
		FBD6E04F1E4D3E0E00F81147 /* Main.storyboard in Resources */ = {isa = PBXBuildFile; fileRef = FBD6E04D1E4D3E0E00F81147 /* Main.storyboard */; };
		FBD6E0511E4D3E0E00F81147 /* Assets.xcassets in Resources */ = {isa = PBXBuildFile; fileRef = FBD6E0501E4D3E0E00F81147 /* Assets.xcassets */; };
		FBD6E0541E4D3E0E00F81147 /* LaunchScreen.storyboard in Resources */ = {isa = PBXBuildFile; fileRef = FBD6E0521E4D3E0E00F81147 /* LaunchScreen.storyboard */; };
		FBD6E05C1E4D41A800F81147 /* SiguienteViewController.swift in Sources */ = {isa = PBXBuildFile; fileRef = FBD6E05B1E4D41A800F81147 /* SiguienteViewController.swift */; };
		FBD6E05E1E4D497400F81147 /* AlertTableViewController.swift in Sources */ = {isa = PBXBuildFile; fileRef = FBD6E05D1E4D497400F81147 /* AlertTableViewController.swift */; };
/* End PBXBuildFile section */

/* Begin PBXFileReference section */
		FBD6E0461E4D3E0E00F81147 /* Ciclo de vida de una Aplicacion iOs.app */ = {isa = PBXFileReference; explicitFileType = wrapper.application; includeInIndex = 0; path = "Ciclo de vida de una Aplicacion iOs.app"; sourceTree = BUILT_PRODUCTS_DIR; };
		FBD6E0491E4D3E0E00F81147 /* AppDelegate.swift */ = {isa = PBXFileReference; lastKnownFileType = sourcecode.swift; path = AppDelegate.swift; sourceTree = "<group>"; };
		FBD6E04B1E4D3E0E00F81147 /* ViewController.swift */ = {isa = PBXFileReference; lastKnownFileType = sourcecode.swift; path = ViewController.swift; sourceTree = "<group>"; };
		FBD6E04E1E4D3E0E00F81147 /* Base */ = {isa = PBXFileReference; lastKnownFileType = file.storyboard; name = Base; path = Base.lproj/Main.storyboard; sourceTree = "<group>"; };
		FBD6E0501E4D3E0E00F81147 /* Assets.xcassets */ = {isa = PBXFileReference; lastKnownFileType = folder.assetcatalog; path = Assets.xcassets; sourceTree = "<group>"; };
		FBD6E0531E4D3E0E00F81147 /* Base */ = {isa = PBXFileReference; lastKnownFileType = file.storyboard; name = Base; path = Base.lproj/LaunchScreen.storyboard; sourceTree = "<group>"; };
		FBD6E0551E4D3E0E00F81147 /* Info.plist */ = {isa = PBXFileReference; lastKnownFileType = text.plist.xml; path = Info.plist; sourceTree = "<group>"; };
		FBD6E05B1E4D41A800F81147 /* SiguienteViewController.swift */ = {isa = PBXFileReference; fileEncoding = 4; lastKnownFileType = sourcecode.swift; path = SiguienteViewController.swift; sourceTree = "<group>"; };
		FBD6E05D1E4D497400F81147 /* AlertTableViewController.swift */ = {isa = PBXFileReference; fileEncoding = 4; lastKnownFileType = sourcecode.swift; path = AlertTableViewController.swift; sourceTree = "<group>"; };
/* End PBXFileReference section */

/* Begin PBXFrameworksBuildPhase section */
		FBD6E0431E4D3E0E00F81147 /* Frameworks */ = {
			isa = PBXFrameworksBuildPhase;
			buildActionMask = 2147483647;
			files = (
			);
			runOnlyForDeploymentPostprocessing = 0;
		};
/* End PBXFrameworksBuildPhase section */

/* Begin PBXGroup section */
		FBD6E03D1E4D3E0E00F81147 = {
			isa = PBXGroup;
			children = (
				FBD6E0481E4D3E0E00F81147 /* Ciclo de vida de una Aplicacion iOs */,
				FBD6E0471E4D3E0E00F81147 /* Products */,
			);
			sourceTree = "<group>";
		};
		FBD6E0471E4D3E0E00F81147 /* Products */ = {
			isa = PBXGroup;
			children = (
				FBD6E0461E4D3E0E00F81147 /* Ciclo de vida de una Aplicacion iOs.app */,
			);
			name = Products;
			sourceTree = "<group>";
		};
		FBD6E0481E4D3E0E00F81147 /* Ciclo de vida de una Aplicacion iOs */ = {
			isa = PBXGroup;
			children = (
				FBD6E0491E4D3E0E00F81147 /* AppDelegate.swift */,
				FBD6E04B1E4D3E0E00F81147 /* ViewController.swift */,
				FBD6E04D1E4D3E0E00F81147 /* Main.storyboard */,
				FBD6E05D1E4D497400F81147 /* AlertTableViewController.swift */,
				FBD6E0501E4D3E0E00F81147 /* Assets.xcassets */,
				FBD6E0521E4D3E0E00F81147 /* LaunchScreen.storyboard */,
				FBD6E0551E4D3E0E00F81147 /* Info.plist */,
				FBD6E05B1E4D41A800F81147 /* SiguienteViewController.swift */,
			);
			path = "Ciclo de vida de una Aplicacion iOs";
			sourceTree = "<group>";
		};
/* End PBXGroup section */

/* Begin PBXNativeTarget section */
		FBD6E0451E4D3E0E00F81147 /* Ciclo de vida de una Aplicacion iOs */ = {
			isa = PBXNativeTarget;
			buildConfigurationList = FBD6E0581E4D3E0E00F81147 /* Build configuration list for PBXNativeTarget "Ciclo de vida de una Aplicacion iOs" */;
			buildPhases = (
				FBD6E0421E4D3E0E00F81147 /* Sources */,
				FBD6E0431E4D3E0E00F81147 /* Frameworks */,
				FBD6E0441E4D3E0E00F81147 /* Resources */,
			);
			buildRules = (
			);
			dependencies = (
			);
			name = "Ciclo de vida de una Aplicacion iOs";
			productName = "Ciclo de vida de una Aplicacion iOs";
			productReference = FBD6E0461E4D3E0E00F81147 /* Ciclo de vida de una Aplicacion iOs.app */;
			productType = "com.apple.product-type.application";
		};
/* End PBXNativeTarget section */

/* Begin PBXProject section */
		FBD6E03E1E4D3E0E00F81147 /* Project object */ = {
			isa = PBXProject;
			attributes = {
				LastSwiftUpdateCheck = 0800;
				LastUpgradeCheck = 0800;
				ORGANIZATIONNAME = alumno;
				TargetAttributes = {
					FBD6E0451E4D3E0E00F81147 = {
						CreatedOnToolsVersion = 8.0;
						ProvisioningStyle = Automatic;
					};
				};
			};
			buildConfigurationList = FBD6E0411E4D3E0E00F81147 /* Build configuration list for PBXProject "Ciclo de vida de una Aplicacion iOs" */;
			compatibilityVersion = "Xcode 3.2";
			developmentRegion = English;
			hasScannedForEncodings = 0;
			knownRegions = (
				en,
				Base,
			);
			mainGroup = FBD6E03D1E4D3E0E00F81147;
			productRefGroup = FBD6E0471E4D3E0E00F81147 /* Products */;
			projectDirPath = "";
			projectRoot = "";
			targets = (
				FBD6E0451E4D3E0E00F81147 /* Ciclo de vida de una Aplicacion iOs */,
			);
		};
/* End PBXProject section */

/* Begin PBXResourcesBuildPhase section */
		FBD6E0441E4D3E0E00F81147 /* Resources */ = {
			isa = PBXResourcesBuildPhase;
			buildActionMask = 2147483647;
			files = (
				FBD6E0541E4D3E0E00F81147 /* LaunchScreen.storyboard in Resources */,
				FBD6E0511E4D3E0E00F81147 /* Assets.xcassets in Resources */,
				FBD6E04F1E4D3E0E00F81147 /* Main.storyboard in Resources */,
			);
			runOnlyForDeploymentPostprocessing = 0;
		};
/* End PBXResourcesBuildPhase section */

/* Begin PBXSourcesBuildPhase section */
		FBD6E0421E4D3E0E00F81147 /* Sources */ = {
			isa = PBXSourcesBuildPhase;
			buildActionMask = 2147483647;
			files = (
				FBD6E05E1E4D497400F81147 /* AlertTableViewController.swift in Sources */,
				FBD6E04C1E4D3E0E00F81147 /* ViewController.swift in Sources */,
				FBD6E05C1E4D41A800F81147 /* SiguienteViewController.swift in Sources */,
				FBD6E04A1E4D3E0E00F81147 /* AppDelegate.swift in Sources */,
			);
			runOnlyForDeploymentPostprocessing = 0;
		};
/* End PBXSourcesBuildPhase section */

/* Begin PBXVariantGroup section */
		FBD6E04D1E4D3E0E00F81147 /* Main.storyboard */ = {
			isa = PBXVariantGroup;
			children = (
				FBD6E04E1E4D3E0E00F81147 /* Base */,
			);
			name = Main.storyboard;
			sourceTree = "<group>";
		};
		FBD6E0521E4D3E0E00F81147 /* LaunchScreen.storyboard */ = {
			isa = PBXVariantGroup;
			children = (
				FBD6E0531E4D3E0E00F81147 /* Base */,
			);
			name = LaunchScreen.storyboard;
			sourceTree = "<group>";
		};
/* End PBXVariantGroup section */

/* Begin XCBuildConfiguration section */
		FBD6E0561E4D3E0E00F81147 /* Debug */ = {
			isa = XCBuildConfiguration;
			buildSettings = {
				ALWAYS_SEARCH_USER_PATHS = NO;
				CLANG_ANALYZER_NONNULL = YES;
				CLANG_CXX_LANGUAGE_STANDARD = "gnu++0x";
				CLANG_CXX_LIBRARY = "libc++";
				CLANG_ENABLE_MODULES = YES;
				CLANG_ENABLE_OBJC_ARC = YES;
				CLANG_WARN_BOOL_CONVERSION = YES;
				CLANG_WARN_CONSTANT_CONVERSION = YES;
				CLANG_WARN_DIRECT_OBJC_ISA_USAGE = YES_ERROR;
				CLANG_WARN_DOCUMENTATION_COMMENTS = YES;
				CLANG_WARN_EMPTY_BODY = YES;
				CLANG_WARN_ENUM_CONVERSION = YES;
				CLANG_WARN_INFINITE_RECURSION = YES;
				CLANG_WARN_INT_CONVERSION = YES;
				CLANG_WARN_OBJC_ROOT_CLASS = YES_ERROR;
				CLANG_WARN_SUSPICIOUS_MOVES = YES;
				CLANG_WARN_UNREACHABLE_CODE = YES;
				CLANG_WARN__DUPLICATE_METHOD_MATCH = YES;
				"CODE_SIGN_IDENTITY[sdk=iphoneos*]" = "iPhone Developer";
				COPY_PHASE_STRIP = NO;
				DEBUG_INFORMATION_FORMAT = dwarf;
				ENABLE_STRICT_OBJC_MSGSEND = YES;
				ENABLE_TESTABILITY = YES;
				GCC_C_LANGUAGE_STANDARD = gnu99;
				GCC_DYNAMIC_NO_PIC = NO;
				GCC_NO_COMMON_BLOCKS = YES;
				GCC_OPTIMIZATION_LEVEL = 0;
				GCC_PREPROCESSOR_DEFINITIONS = (
					"DEBUG=1",
					"$(inherited)",
				);
				GCC_WARN_64_TO_32_BIT_CONVERSION = YES;
				GCC_WARN_ABOUT_RETURN_TYPE = YES_ERROR;
				GCC_WARN_UNDECLARED_SELECTOR = YES;
				GCC_WARN_UNINITIALIZED_AUTOS = YES_AGGRESSIVE;
				GCC_WARN_UNUSED_FUNCTION = YES;
				GCC_WARN_UNUSED_VARIABLE = YES;
				IPHONEOS_DEPLOYMENT_TARGET = 10.0;
				MTL_ENABLE_DEBUG_INFO = YES;
				ONLY_ACTIVE_ARCH = YES;
				SDKROOT = iphoneos;
				SWIFT_ACTIVE_COMPILATION_CONDITIONS = DEBUG;
				SWIFT_OPTIMIZATION_LEVEL = "-Onone";
				TARGETED_DEVICE_FAMILY = "1,2";
			};
			name = Debug;
		};
		FBD6E0571E4D3E0E00F81147 /* Release */ = {
			isa = XCBuildConfiguration;
			buildSettings = {
				ALWAYS_SEARCH_USER_PATHS = NO;
				CLANG_ANALYZER_NONNULL = YES;
				CLANG_CXX_LANGUAGE_STANDARD = "gnu++0x";
				CLANG_CXX_LIBRARY = "libc++";
				CLANG_ENABLE_MODULES = YES;
				CLANG_ENABLE_OBJC_ARC = YES;
				CLANG_WARN_BOOL_CONVERSION = YES;
				CLANG_WARN_CONSTANT_CONVERSION = YES;
				CLANG_WARN_DIRECT_OBJC_ISA_USAGE = YES_ERROR;
				CLANG_WARN_DOCUMENTATION_COMMENTS = YES;
				CLANG_WARN_EMPTY_BODY = YES;
				CLANG_WARN_ENUM_CONVERSION = YES;
				CLANG_WARN_INFINITE_RECURSION = YES;
				CLANG_WARN_INT_CONVERSION = YES;
				CLANG_WARN_OBJC_ROOT_CLASS = YES_ERROR;
				CLANG_WARN_SUSPICIOUS_MOVES = YES;
				CLANG_WARN_UNREACHABLE_CODE = YES;
				CLANG_WARN__DUPLICATE_METHOD_MATCH = YES;
				"CODE_SIGN_IDENTITY[sdk=iphoneos*]" = "iPhone Developer";
				COPY_PHASE_STRIP = NO;
				DEBUG_INFORMATION_FORMAT = "dwarf-with-dsym";
				ENABLE_NS_ASSERTIONS = NO;
				ENABLE_STRICT_OBJC_MSGSEND = YES;
				GCC_C_LANGUAGE_STANDARD = gnu99;
				GCC_NO_COMMON_BLOCKS = YES;
				GCC_WARN_64_TO_32_BIT_CONVERSION = YES;
				GCC_WARN_ABOUT_RETURN_TYPE = YES_ERROR;
				GCC_WARN_UNDECLARED_SELECTOR = YES;
				GCC_WARN_UNINITIALIZED_AUTOS = YES_AGGRESSIVE;
				GCC_WARN_UNUSED_FUNCTION = YES;
				GCC_WARN_UNUSED_VARIABLE = YES;
				IPHONEOS_DEPLOYMENT_TARGET = 10.0;
				MTL_ENABLE_DEBUG_INFO = NO;
				SDKROOT = iphoneos;
				SWIFT_OPTIMIZATION_LEVEL = "-Owholemodule";
				TARGETED_DEVICE_FAMILY = "1,2";
				VALIDATE_PRODUCT = YES;
			};
			name = Release;
		};
		FBD6E0591E4D3E0E00F81147 /* Debug */ = {
			isa = XCBuildConfiguration;
			buildSettings = {
				ASSETCATALOG_COMPILER_APPICON_NAME = AppIcon;
				INFOPLIST_FILE = "Ciclo de vida de una Aplicacion iOs/Info.plist";
				LD_RUNPATH_SEARCH_PATHS = "$(inherited) @executable_path/Frameworks";
				PRODUCT_BUNDLE_IDENTIFIER = "pe.sulca.Ciclo-de-vida-de-una-Aplicacion-iOs";
				PRODUCT_NAME = "$(TARGET_NAME)";
				SWIFT_VERSION = 3.0;
			};
			name = Debug;
		};
		FBD6E05A1E4D3E0E00F81147 /* Release */ = {
			isa = XCBuildConfiguration;
			buildSettings = {
				ASSETCATALOG_COMPILER_APPICON_NAME = AppIcon;
				INFOPLIST_FILE = "Ciclo de vida de una Aplicacion iOs/Info.plist";
				LD_RUNPATH_SEARCH_PATHS = "$(inherited) @executable_path/Frameworks";
				PRODUCT_BUNDLE_IDENTIFIER = "pe.sulca.Ciclo-de-vida-de-una-Aplicacion-iOs";
				PRODUCT_NAME = "$(TARGET_NAME)";
				SWIFT_VERSION = 3.0;
			};
			name = Release;
		};
/* End XCBuildConfiguration section */

/* Begin XCConfigurationList section */
		FBD6E0411E4D3E0E00F81147 /* Build configuration list for PBXProject "Ciclo de vida de una Aplicacion iOs" */ = {
			isa = XCConfigurationList;
			buildConfigurations = (
				FBD6E0561E4D3E0E00F81147 /* Debug */,
				FBD6E0571E4D3E0E00F81147 /* Release */,
			);
			defaultConfigurationIsVisible = 0;
			defaultConfigurationName = Release;
		};
		FBD6E0581E4D3E0E00F81147 /* Build configuration list for PBXNativeTarget "Ciclo de vida de una Aplicacion iOs" */ = {
			isa = XCConfigurationList;
			buildConfigurations = (
				FBD6E0591E4D3E0E00F81147 /* Debug */,
				FBD6E05A1E4D3E0E00F81147 /* Release */,
			);
			defaultConfigurationIsVisible = 0;
			defaultConfigurationName = Release;
		};
/* End XCConfigurationList section */
	};
	rootObject = FBD6E03E1E4D3E0E00F81147 /* Project object */;
}
